{
  "name": "lite-youtube-embed",
  "version": "0.2.0",
  "lockfileVersion": 1,
  "requires": true,
  "dependencies": {
    "prettier": {
      "version": "2.5.0",
      "resolved": "https://registry.npmjs.org/prettier/-/prettier-2.5.0.tgz",
      "integrity": "sha512-FM/zAKgWTxj40rH03VxzIPdXmj39SwSjwG0heUcNFwI+EMZJnY93yAiKXM3dObIKAM5TA88werc8T/EwhB45eg==",
      "dev": true
    }
  }
}
